<?xml version="1.0" encoding="utf-8"?>
<Project ToolsVersion="4.0" xmlns="http://schemas.microsoft.com/developer/msbuild/2003">
  <ItemGroup>
    <ClCompile Include="src\zero-dependency-process.cpp" />
    <ClCompile Include="src\crt\initializer\initializer.cpp" />
    <ClCompile Include="src\winapi\string\string.cpp" />
    <ClCompile Include="src\winapi\file\file.cpp" />
  </ItemGroup>
  <ItemGroup>
    <ClInclude Include="src\crt\crt.hpp" />
    <ClInclude Include="src\winapi\winapi.hpp" />
    <ClInclude Include="src\x86_64\x86_64.hpp" />
  </ItemGroup>
  <ItemGroup>
    <NASM Include="src\x86_64\x86_64.asm" />
  </ItemGroup>
</Project>